
Microsoft Visual Studio Solution File, Format Version 12.00
# Visual Studio Version 17
VisualStudioVersion = 17.2.32616.157
MinimumVisualStudioVersion = 10.0.40219.1
Project("{FAE04EC0-301F-11D3-BF4B-00C04F79EFBC}") = "Maquina", "Maquina\Maquina.csproj", "{F3824799-112E-415B-A2A5-22E53E8BE303}"
EndProject
Project("{FAE04EC0-301F-11D3-BF4B-00C04F79EFBC}") = "Producto", "Producto\Producto.csproj", "{C59DE4FF-0A3B-402F-B0EC-D58EEAEF74E3}"
EndProject
Global
	GlobalSection(SolutionConfigurationPlatforms) = preSolution
		Debug|Any CPU = Debug|Any CPU
		Release|Any CPU = Release|Any CPU
	EndGlobalSection
	GlobalSection(ProjectConfigurationPlatforms) = postSolution
		{F3824799-112E-415B-A2A5-22E53E8BE303}.Debug|Any CPU.ActiveCfg = Debug|Any CPU
		{F3824799-112E-415B-A2A5-22E53E8BE303}.Debug|Any CPU.Build.0 = Debug|Any CPU
		{F3824799-112E-415B-A2A5-22E53E8BE303}.Release|Any CPU.ActiveCfg = Release|Any CPU
		{F3824799-112E-415B-A2A5-22E53E8BE303}.Release|Any CPU.Build.0 = Release|Any CPU
		{C59DE4FF-0A3B-402F-B0EC-D58EEAEF74E3}.Debug|Any CPU.ActiveCfg = Debug|Any CPU
		{C59DE4FF-0A3B-402F-B0EC-D58EEAEF74E3}.Debug|Any CPU.Build.0 = Debug|Any CPU
		{C59DE4FF-0A3B-402F-B0EC-D58EEAEF74E3}.Release|Any CPU.ActiveCfg = Release|Any CPU
		{C59DE4FF-0A3B-402F-B0EC-D58EEAEF74E3}.Release|Any CPU.Build.0 = Release|Any CPU
	EndGlobalSection
	GlobalSection(SolutionProperties) = preSolution
		HideSolutionNode = FALSE
	EndGlobalSection
	GlobalSection(ExtensibilityGlobals) = postSolution
		SolutionGuid = {959B7FE2-AB27-485E-8E63-DAA51134E1FF}
	EndGlobalSection
EndGlobal
